
Microsoft Visual Studio Solution File, Format Version 12.00
# Visual Studio Version 17
VisualStudioVersion = 17.14.36310.24 d17.14
MinimumVisualStudioVersion = 10.0.40219.1
Project("{FAE04EC0-301F-11D3-BF4B-00C04F79EFBC}") = "PersonManagement", "PersonManagement\PersonManagement.csproj", "{0E3F98BA-C341-4898-9E36-C15EB5265233}"
EndProject
Global
	GlobalSection(SolutionConfigurationPlatforms) = preSolution
		Debug|Any CPU = Debug|Any CPU
		Release|Any CPU = Release|Any CPU
	EndGlobalSection
	GlobalSection(ProjectConfigurationPlatforms) = postSolution
		{0E3F98BA-C341-4898-9E36-C15EB5265233}.Debug|Any CPU.ActiveCfg = Debug|Any CPU
		{0E3F98BA-C341-4898-9E36-C15EB5265233}.Debug|Any CPU.Build.0 = Debug|Any CPU
		{0E3F98BA-C341-4898-9E36-C15EB5265233}.Release|Any CPU.ActiveCfg = Release|Any CPU
		{0E3F98BA-C341-4898-9E36-C15EB5265233}.Release|Any CPU.Build.0 = Release|Any CPU
	EndGlobalSection
	GlobalSection(SolutionProperties) = preSolution
		HideSolutionNode = FALSE
	EndGlobalSection
	GlobalSection(ExtensibilityGlobals) = postSolution
		SolutionGuid = {17DCA3BE-6168-49D3-88B3-B45638822160}
	EndGlobalSection
EndGlobal
